
Microsoft Visual Studio Solution File, Format Version 12.00
# Visual Studio Version 16
VisualStudioVersion = 16.0.29613.14
MinimumVisualStudioVersion = 10.0.40219.1
Project("{FAE04EC0-301F-11D3-BF4B-00C04F79EFBC}") = "course_work", "course_work\course_work.csproj", "{31F35B4A-8065-46F5-A199-F3A1D0BEBCCE}"
EndProject
Global
	GlobalSection(SolutionConfigurationPlatforms) = preSolution
		Debug|Any CPU = Debug|Any CPU
		Release|Any CPU = Release|Any CPU
	EndGlobalSection
	GlobalSection(ProjectConfigurationPlatforms) = postSolution
		{31F35B4A-8065-46F5-A199-F3A1D0BEBCCE}.Debug|Any CPU.ActiveCfg = Debug|Any CPU
		{31F35B4A-8065-46F5-A199-F3A1D0BEBCCE}.Debug|Any CPU.Build.0 = Debug|Any CPU
		{31F35B4A-8065-46F5-A199-F3A1D0BEBCCE}.Release|Any CPU.ActiveCfg = Release|Any CPU
		{31F35B4A-8065-46F5-A199-F3A1D0BEBCCE}.Release|Any CPU.Build.0 = Release|Any CPU
	EndGlobalSection
	GlobalSection(SolutionProperties) = preSolution
		HideSolutionNode = FALSE
	EndGlobalSection
	GlobalSection(ExtensibilityGlobals) = postSolution
		SolutionGuid = {34BAA3B8-A61D-4C2A-9038-D7DB28FB5453}
	EndGlobalSection
EndGlobal
